
Microsoft Visual Studio Solution File, Format Version 12.00
# Visual Studio 2013
VisualStudioVersion = 12.0.21005.1
MinimumVisualStudioVersion = 10.0.40219.1
Project("{FAE04EC0-301F-11D3-BF4B-00C04F79EFBC}") = "EveryDay.Calc.Console", "EveryDay.Calc.Console\EveryDay.Calc.Console.csproj", "{21708543-0AD4-4D6E-AF5E-6206A909A7EA}"
EndProject
Project("{FAE04EC0-301F-11D3-BF4B-00C04F79EFBC}") = "EveryDay.Calc.Calculation", "EveryDay.Calc.Calculation\EveryDay.Calc.Calculation.csproj", "{8A8756E2-F82D-4538-A72F-B2A6C63E71B4}"
EndProject
Project("{FAE04EC0-301F-11D3-BF4B-00C04F79EFBC}") = "EveryDay.Calc.AppCalc", "EveryDay.Calc.AppCalc\EveryDay.Calc.AppCalc.csproj", "{8EABD0AF-0C7F-45DC-94F8-4BF706BE5BF5}"
EndProject
Project("{FAE04EC0-301F-11D3-BF4B-00C04F79EFBC}") = "EveryDay.Calc", "EveryDay.Calc\EveryDay.Calc.csproj", "{38D6E38E-46C5-4421-8C04-34A4EB6DBA0F}"
EndProject
Project("{FAE04EC0-301F-11D3-BF4B-00C04F79EFBC}") = "EveryDay.Calc.Web", "EveryDay.Calc.Web\EveryDay.Calc.Web.csproj", "{94056929-181A-42CD-B4D3-77582E205564}"
EndProject
Global
	GlobalSection(SolutionConfigurationPlatforms) = preSolution
		Debug|Any CPU = Debug|Any CPU
		Release|Any CPU = Release|Any CPU
	EndGlobalSection
	GlobalSection(ProjectConfigurationPlatforms) = postSolution
		{21708543-0AD4-4D6E-AF5E-6206A909A7EA}.Debug|Any CPU.ActiveCfg = Debug|Any CPU
		{21708543-0AD4-4D6E-AF5E-6206A909A7EA}.Debug|Any CPU.Build.0 = Debug|Any CPU
		{21708543-0AD4-4D6E-AF5E-6206A909A7EA}.Release|Any CPU.ActiveCfg = Release|Any CPU
		{21708543-0AD4-4D6E-AF5E-6206A909A7EA}.Release|Any CPU.Build.0 = Release|Any CPU
		{8A8756E2-F82D-4538-A72F-B2A6C63E71B4}.Debug|Any CPU.ActiveCfg = Debug|Any CPU
		{8A8756E2-F82D-4538-A72F-B2A6C63E71B4}.Debug|Any CPU.Build.0 = Debug|Any CPU
		{8A8756E2-F82D-4538-A72F-B2A6C63E71B4}.Release|Any CPU.ActiveCfg = Release|Any CPU
		{8A8756E2-F82D-4538-A72F-B2A6C63E71B4}.Release|Any CPU.Build.0 = Release|Any CPU
		{8EABD0AF-0C7F-45DC-94F8-4BF706BE5BF5}.Debug|Any CPU.ActiveCfg = Debug|Any CPU
		{8EABD0AF-0C7F-45DC-94F8-4BF706BE5BF5}.Debug|Any CPU.Build.0 = Debug|Any CPU
		{8EABD0AF-0C7F-45DC-94F8-4BF706BE5BF5}.Release|Any CPU.ActiveCfg = Release|Any CPU
		{8EABD0AF-0C7F-45DC-94F8-4BF706BE5BF5}.Release|Any CPU.Build.0 = Release|Any CPU
		{38D6E38E-46C5-4421-8C04-34A4EB6DBA0F}.Debug|Any CPU.ActiveCfg = Debug|Any CPU
		{38D6E38E-46C5-4421-8C04-34A4EB6DBA0F}.Debug|Any CPU.Build.0 = Debug|Any CPU
		{38D6E38E-46C5-4421-8C04-34A4EB6DBA0F}.Release|Any CPU.ActiveCfg = Release|Any CPU
		{38D6E38E-46C5-4421-8C04-34A4EB6DBA0F}.Release|Any CPU.Build.0 = Release|Any CPU
		{94056929-181A-42CD-B4D3-77582E205564}.Debug|Any CPU.ActiveCfg = Debug|Any CPU
		{94056929-181A-42CD-B4D3-77582E205564}.Debug|Any CPU.Build.0 = Debug|Any CPU
		{94056929-181A-42CD-B4D3-77582E205564}.Release|Any CPU.ActiveCfg = Release|Any CPU
		{94056929-181A-42CD-B4D3-77582E205564}.Release|Any CPU.Build.0 = Release|Any CPU
	EndGlobalSection
	GlobalSection(SolutionProperties) = preSolution
		HideSolutionNode = FALSE
	EndGlobalSection
EndGlobal
